
Microsoft Visual Studio Solution File, Format Version 12.00
# Visual Studio Version 17
VisualStudioVersion = 17.5.33627.172
MinimumVisualStudioVersion = 10.0.40219.1
Project("{FAE04EC0-301F-11D3-BF4B-00C04F79EFBC}") = "TpModule4.UWP", "TpModule4\TpModule4.UWP\TpModule4.UWP.csproj", "{4F4D6C13-0FC8-4732-BF67-60ED34186A10}"
EndProject
Project("{FAE04EC0-301F-11D3-BF4B-00C04F79EFBC}") = "TpModule4.Android", "TpModule4\TpModule4.Android\TpModule4.Android.csproj", "{253E9528-D1CA-4482-BE2C-924D6AC0E3C4}"
EndProject
Project("{FAE04EC0-301F-11D3-BF4B-00C04F79EFBC}") = "TpModule4.iOS", "TpModule4\TpModule4.iOS\TpModule4.iOS.csproj", "{E21C72AC-0A43-49B5-BFE0-9F2B82E21157}"
EndProject
Project("{FAE04EC0-301F-11D3-BF4B-00C04F79EFBC}") = "TpModule4", "TpModule4\TpModule4\TpModule4.csproj", "{733353B6-B72D-45C7-BAF1-99F33E6163E8}"
EndProject
Global
	GlobalSection(SolutionConfigurationPlatforms) = preSolution
		Debug|Any CPU = Debug|Any CPU
		Debug|ARM = Debug|ARM
		Debug|iPhone = Debug|iPhone
		Debug|iPhoneSimulator = Debug|iPhoneSimulator
		Debug|x64 = Debug|x64
		Debug|x86 = Debug|x86
		Release|Any CPU = Release|Any CPU
		Release|ARM = Release|ARM
		Release|iPhone = Release|iPhone
		Release|iPhoneSimulator = Release|iPhoneSimulator
		Release|x64 = Release|x64
		Release|x86 = Release|x86
	EndGlobalSection
	GlobalSection(ProjectConfigurationPlatforms) = postSolution
		{4F4D6C13-0FC8-4732-BF67-60ED34186A10}.Debug|Any CPU.ActiveCfg = Debug|x64
		{4F4D6C13-0FC8-4732-BF67-60ED34186A10}.Debug|Any CPU.Build.0 = Debug|x64
		{4F4D6C13-0FC8-4732-BF67-60ED34186A10}.Debug|Any CPU.Deploy.0 = Debug|x64
		{4F4D6C13-0FC8-4732-BF67-60ED34186A10}.Debug|ARM.ActiveCfg = Debug|ARM
		{4F4D6C13-0FC8-4732-BF67-60ED34186A10}.Debug|ARM.Build.0 = Debug|ARM
		{4F4D6C13-0FC8-4732-BF67-60ED34186A10}.Debug|ARM.Deploy.0 = Debug|ARM
		{4F4D6C13-0FC8-4732-BF67-60ED34186A10}.Debug|iPhone.ActiveCfg = Debug|x64
		{4F4D6C13-0FC8-4732-BF67-60ED34186A10}.Debug|iPhone.Build.0 = Debug|x64
		{4F4D6C13-0FC8-4732-BF67-60ED34186A10}.Debug|iPhone.Deploy.0 = Debug|x64
		{4F4D6C13-0FC8-4732-BF67-60ED34186A10}.Debug|iPhoneSimulator.ActiveCfg = Debug|x64
		{4F4D6C13-0FC8-4732-BF67-60ED34186A10}.Debug|iPhoneSimulator.Build.0 = Debug|x64
		{4F4D6C13-0FC8-4732-BF67-60ED34186A10}.Debug|iPhoneSimulator.Deploy.0 = Debug|x64
		{4F4D6C13-0FC8-4732-BF67-60ED34186A10}.Debug|x64.ActiveCfg = Debug|x64
		{4F4D6C13-0FC8-4732-BF67-60ED34186A10}.Debug|x64.Build.0 = Debug|x64
		{4F4D6C13-0FC8-4732-BF67-60ED34186A10}.Debug|x64.Deploy.0 = Debug|x64
		{4F4D6C13-0FC8-4732-BF67-60ED34186A10}.Debug|x86.ActiveCfg = Debug|x86
		{4F4D6C13-0FC8-4732-BF67-60ED34186A10}.Debug|x86.Build.0 = Debug|x86
		{4F4D6C13-0FC8-4732-BF67-60ED34186A10}.Debug|x86.Deploy.0 = Debug|x86
		{4F4D6C13-0FC8-4732-BF67-60ED34186A10}.Release|Any CPU.ActiveCfg = Release|x64
		{4F4D6C13-0FC8-4732-BF67-60ED34186A10}.Release|Any CPU.Build.0 = Release|x64
		{4F4D6C13-0FC8-4732-BF67-60ED34186A10}.Release|Any CPU.Deploy.0 = Release|x64
		{4F4D6C13-0FC8-4732-BF67-60ED34186A10}.Release|ARM.ActiveCfg = Release|ARM
		{4F4D6C13-0FC8-4732-BF67-60ED34186A10}.Release|ARM.Build.0 = Release|ARM
		{4F4D6C13-0FC8-4732-BF67-60ED34186A10}.Release|ARM.Deploy.0 = Release|ARM
		{4F4D6C13-0FC8-4732-BF67-60ED34186A10}.Release|iPhone.ActiveCfg = Release|x64
		{4F4D6C13-0FC8-4732-BF67-60ED34186A10}.Release|iPhone.Build.0 = Release|x64
		{4F4D6C13-0FC8-4732-BF67-60ED34186A10}.Release|iPhone.Deploy.0 = Release|x64
		{4F4D6C13-0FC8-4732-BF67-60ED34186A10}.Release|iPhoneSimulator.ActiveCfg = Release|x64
		{4F4D6C13-0FC8-4732-BF67-60ED34186A10}.Release|iPhoneSimulator.Build.0 = Release|x64
		{4F4D6C13-0FC8-4732-BF67-60ED34186A10}.Release|iPhoneSimulator.Deploy.0 = Release|x64
		{4F4D6C13-0FC8-4732-BF67-60ED34186A10}.Release|x64.ActiveCfg = Release|x64
		{4F4D6C13-0FC8-4732-BF67-60ED34186A10}.Release|x64.Build.0 = Release|x64
		{4F4D6C13-0FC8-4732-BF67-60ED34186A10}.Release|x64.Deploy.0 = Release|x64
		{4F4D6C13-0FC8-4732-BF67-60ED34186A10}.Release|x86.ActiveCfg = Release|x86
		{4F4D6C13-0FC8-4732-BF67-60ED34186A10}.Release|x86.Build.0 = Release|x86
		{4F4D6C13-0FC8-4732-BF67-60ED34186A10}.Release|x86.Deploy.0 = Release|x86
		{253E9528-D1CA-4482-BE2C-924D6AC0E3C4}.Debug|Any CPU.ActiveCfg = Debug|Any CPU
		{253E9528-D1CA-4482-BE2C-924D6AC0E3C4}.Debug|Any CPU.Build.0 = Debug|Any CPU
		{253E9528-D1CA-4482-BE2C-924D6AC0E3C4}.Debug|Any CPU.Deploy.0 = Debug|Any CPU
		{253E9528-D1CA-4482-BE2C-924D6AC0E3C4}.Debug|ARM.ActiveCfg = Debug|Any CPU
		{253E9528-D1CA-4482-BE2C-924D6AC0E3C4}.Debug|ARM.Build.0 = Debug|Any CPU
		{253E9528-D1CA-4482-BE2C-924D6AC0E3C4}.Debug|ARM.Deploy.0 = Debug|Any CPU
		{253E9528-D1CA-4482-BE2C-924D6AC0E3C4}.Debug|iPhone.ActiveCfg = Debug|Any CPU
		{253E9528-D1CA-4482-BE2C-924D6AC0E3C4}.Debug|iPhone.Build.0 = Debug|Any CPU
		{253E9528-D1CA-4482-BE2C-924D6AC0E3C4}.Debug|iPhone.Deploy.0 = Debug|Any CPU
		{253E9528-D1CA-4482-BE2C-924D6AC0E3C4}.Debug|iPhoneSimulator.ActiveCfg = Debug|Any CPU
		{253E9528-D1CA-4482-BE2C-924D6AC0E3C4}.Debug|iPhoneSimulator.Build.0 = Debug|Any CPU
		{253E9528-D1CA-4482-BE2C-924D6AC0E3C4}.Debug|iPhoneSimulator.Deploy.0 = Debug|Any CPU
		{253E9528-D1CA-4482-BE2C-924D6AC0E3C4}.Debug|x64.ActiveCfg = Debug|Any CPU
		{253E9528-D1CA-4482-BE2C-924D6AC0E3C4}.Debug|x64.Build.0 = Debug|Any CPU
		{253E9528-D1CA-4482-BE2C-924D6AC0E3C4}.Debug|x64.Deploy.0 = Debug|Any CPU
		{253E9528-D1CA-4482-BE2C-924D6AC0E3C4}.Debug|x86.ActiveCfg = Debug|Any CPU
		{253E9528-D1CA-4482-BE2C-924D6AC0E3C4}.Debug|x86.Build.0 = Debug|Any CPU
		{253E9528-D1CA-4482-BE2C-924D6AC0E3C4}.Debug|x86.Deploy.0 = Debug|Any CPU
		{253E9528-D1CA-4482-BE2C-924D6AC0E3C4}.Release|Any CPU.ActiveCfg = Release|Any CPU
		{253E9528-D1CA-4482-BE2C-924D6AC0E3C4}.Release|Any CPU.Build.0 = Release|Any CPU
		{253E9528-D1CA-4482-BE2C-924D6AC0E3C4}.Release|Any CPU.Deploy.0 = Release|Any CPU
		{253E9528-D1CA-4482-BE2C-924D6AC0E3C4}.Release|ARM.ActiveCfg = Release|Any CPU
		{253E9528-D1CA-4482-BE2C-924D6AC0E3C4}.Release|ARM.Build.0 = Release|Any CPU
		{253E9528-D1CA-4482-BE2C-924D6AC0E3C4}.Release|ARM.Deploy.0 = Release|Any CPU
		{253E9528-D1CA-4482-BE2C-924D6AC0E3C4}.Release|iPhone.ActiveCfg = Release|Any CPU
		{253E9528-D1CA-4482-BE2C-924D6AC0E3C4}.Release|iPhone.Build.0 = Release|Any CPU
		{253E9528-D1CA-4482-BE2C-924D6AC0E3C4}.Release|iPhone.Deploy.0 = Release|Any CPU
		{253E9528-D1CA-4482-BE2C-924D6AC0E3C4}.Release|iPhoneSimulator.ActiveCfg = Release|Any CPU
		{253E9528-D1CA-4482-BE2C-924D6AC0E3C4}.Release|iPhoneSimulator.Build.0 = Release|Any CPU
		{253E9528-D1CA-4482-BE2C-924D6AC0E3C4}.Release|iPhoneSimulator.Deploy.0 = Release|Any CPU
		{253E9528-D1CA-4482-BE2C-924D6AC0E3C4}.Release|x64.ActiveCfg = Release|Any CPU
		{253E9528-D1CA-4482-BE2C-924D6AC0E3C4}.Release|x64.Build.0 = Release|Any CPU
		{253E9528-D1CA-4482-BE2C-924D6AC0E3C4}.Release|x64.Deploy.0 = Release|Any CPU
		{253E9528-D1CA-4482-BE2C-924D6AC0E3C4}.Release|x86.ActiveCfg = Release|Any CPU
		{253E9528-D1CA-4482-BE2C-924D6AC0E3C4}.Release|x86.Build.0 = Release|Any CPU
		{253E9528-D1CA-4482-BE2C-924D6AC0E3C4}.Release|x86.Deploy.0 = Release|Any CPU
		{E21C72AC-0A43-49B5-BFE0-9F2B82E21157}.Debug|Any CPU.ActiveCfg = Debug|iPhoneSimulator
		{E21C72AC-0A43-49B5-BFE0-9F2B82E21157}.Debug|Any CPU.Build.0 = Debug|iPhoneSimulator
		{E21C72AC-0A43-49B5-BFE0-9F2B82E21157}.Debug|Any CPU.Deploy.0 = Debug|iPhoneSimulator
		{E21C72AC-0A43-49B5-BFE0-9F2B82E21157}.Debug|ARM.ActiveCfg = Debug|iPhoneSimulator
		{E21C72AC-0A43-49B5-BFE0-9F2B82E21157}.Debug|ARM.Build.0 = Debug|iPhoneSimulator
		{E21C72AC-0A43-49B5-BFE0-9F2B82E21157}.Debug|ARM.Deploy.0 = Debug|iPhoneSimulator
		{E21C72AC-0A43-49B5-BFE0-9F2B82E21157}.Debug|iPhone.ActiveCfg = Debug|iPhone
		{E21C72AC-0A43-49B5-BFE0-9F2B82E21157}.Debug|iPhone.Build.0 = Debug|iPhone
		{E21C72AC-0A43-49B5-BFE0-9F2B82E21157}.Debug|iPhone.Deploy.0 = Debug|iPhone
		{E21C72AC-0A43-49B5-BFE0-9F2B82E21157}.Debug|iPhoneSimulator.ActiveCfg = Debug|iPhoneSimulator
		{E21C72AC-0A43-49B5-BFE0-9F2B82E21157}.Debug|iPhoneSimulator.Build.0 = Debug|iPhoneSimulator
		{E21C72AC-0A43-49B5-BFE0-9F2B82E21157}.Debug|iPhoneSimulator.Deploy.0 = Debug|iPhoneSimulator
		{E21C72AC-0A43-49B5-BFE0-9F2B82E21157}.Debug|x64.ActiveCfg = Debug|iPhone
		{E21C72AC-0A43-49B5-BFE0-9F2B82E21157}.Debug|x64.Build.0 = Debug|iPhone
		{E21C72AC-0A43-49B5-BFE0-9F2B82E21157}.Debug|x64.Deploy.0 = Debug|iPhone
		{E21C72AC-0A43-49B5-BFE0-9F2B82E21157}.Debug|x86.ActiveCfg = Debug|iPhoneSimulator
		{E21C72AC-0A43-49B5-BFE0-9F2B82E21157}.Debug|x86.Build.0 = Debug|iPhoneSimulator
		{E21C72AC-0A43-49B5-BFE0-9F2B82E21157}.Debug|x86.Deploy.0 = Debug|iPhoneSimulator
		{E21C72AC-0A43-49B5-BFE0-9F2B82E21157}.Release|Any CPU.ActiveCfg = Release|iPhoneSimulator
		{E21C72AC-0A43-49B5-BFE0-9F2B82E21157}.Release|Any CPU.Build.0 = Release|iPhoneSimulator
		{E21C72AC-0A43-49B5-BFE0-9F2B82E21157}.Release|Any CPU.Deploy.0 = Release|iPhoneSimulator
		{E21C72AC-0A43-49B5-BFE0-9F2B82E21157}.Release|ARM.ActiveCfg = Release|iPhoneSimulator
		{E21C72AC-0A43-49B5-BFE0-9F2B82E21157}.Release|ARM.Build.0 = Release|iPhoneSimulator
		{E21C72AC-0A43-49B5-BFE0-9F2B82E21157}.Release|ARM.Deploy.0 = Release|iPhoneSimulator
		{E21C72AC-0A43-49B5-BFE0-9F2B82E21157}.Release|iPhone.ActiveCfg = Release|iPhone
		{E21C72AC-0A43-49B5-BFE0-9F2B82E21157}.Release|iPhone.Build.0 = Release|iPhone
		{E21C72AC-0A43-49B5-BFE0-9F2B82E21157}.Release|iPhone.Deploy.0 = Release|iPhone
		{E21C72AC-0A43-49B5-BFE0-9F2B82E21157}.Release|iPhoneSimulator.ActiveCfg = Release|iPhoneSimulator
		{E21C72AC-0A43-49B5-BFE0-9F2B82E21157}.Release|iPhoneSimulator.Build.0 = Release|iPhoneSimulator
		{E21C72AC-0A43-49B5-BFE0-9F2B82E21157}.Release|iPhoneSimulator.Deploy.0 = Release|iPhoneSimulator
		{E21C72AC-0A43-49B5-BFE0-9F2B82E21157}.Release|x64.ActiveCfg = Release|iPhoneSimulator
		{E21C72AC-0A43-49B5-BFE0-9F2B82E21157}.Release|x64.Build.0 = Release|iPhoneSimulator
		{E21C72AC-0A43-49B5-BFE0-9F2B82E21157}.Release|x64.Deploy.0 = Release|iPhoneSimulator
		{E21C72AC-0A43-49B5-BFE0-9F2B82E21157}.Release|x86.ActiveCfg = Release|iPhoneSimulator
		{E21C72AC-0A43-49B5-BFE0-9F2B82E21157}.Release|x86.Build.0 = Release|iPhoneSimulator
		{E21C72AC-0A43-49B5-BFE0-9F2B82E21157}.Release|x86.Deploy.0 = Release|iPhoneSimulator
		{733353B6-B72D-45C7-BAF1-99F33E6163E8}.Debug|Any CPU.ActiveCfg = Debug|Any CPU
		{733353B6-B72D-45C7-BAF1-99F33E6163E8}.Debug|Any CPU.Build.0 = Debug|Any CPU
		{733353B6-B72D-45C7-BAF1-99F33E6163E8}.Debug|Any CPU.Deploy.0 = Debug|Any CPU
		{733353B6-B72D-45C7-BAF1-99F33E6163E8}.Debug|ARM.ActiveCfg = Debug|Any CPU
		{733353B6-B72D-45C7-BAF1-99F33E6163E8}.Debug|ARM.Build.0 = Debug|Any CPU
		{733353B6-B72D-45C7-BAF1-99F33E6163E8}.Debug|ARM.Deploy.0 = Debug|Any CPU
		{733353B6-B72D-45C7-BAF1-99F33E6163E8}.Debug|iPhone.ActiveCfg = Debug|Any CPU
		{733353B6-B72D-45C7-BAF1-99F33E6163E8}.Debug|iPhone.Build.0 = Debug|Any CPU
		{733353B6-B72D-45C7-BAF1-99F33E6163E8}.Debug|iPhone.Deploy.0 = Debug|Any CPU
		{733353B6-B72D-45C7-BAF1-99F33E6163E8}.Debug|iPhoneSimulator.ActiveCfg = Debug|Any CPU
		{733353B6-B72D-45C7-BAF1-99F33E6163E8}.Debug|iPhoneSimulator.Build.0 = Debug|Any CPU
		{733353B6-B72D-45C7-BAF1-99F33E6163E8}.Debug|iPhoneSimulator.Deploy.0 = Debug|Any CPU
		{733353B6-B72D-45C7-BAF1-99F33E6163E8}.Debug|x64.ActiveCfg = Debug|Any CPU
		{733353B6-B72D-45C7-BAF1-99F33E6163E8}.Debug|x64.Build.0 = Debug|Any CPU
		{733353B6-B72D-45C7-BAF1-99F33E6163E8}.Debug|x64.Deploy.0 = Debug|Any CPU
		{733353B6-B72D-45C7-BAF1-99F33E6163E8}.Debug|x86.ActiveCfg = Debug|Any CPU
		{733353B6-B72D-45C7-BAF1-99F33E6163E8}.Debug|x86.Build.0 = Debug|Any CPU
		{733353B6-B72D-45C7-BAF1-99F33E6163E8}.Debug|x86.Deploy.0 = Debug|Any CPU
		{733353B6-B72D-45C7-BAF1-99F33E6163E8}.Release|Any CPU.ActiveCfg = Release|Any CPU
		{733353B6-B72D-45C7-BAF1-99F33E6163E8}.Release|Any CPU.Build.0 = Release|Any CPU
		{733353B6-B72D-45C7-BAF1-99F33E6163E8}.Release|Any CPU.Deploy.0 = Release|Any CPU
		{733353B6-B72D-45C7-BAF1-99F33E6163E8}.Release|ARM.ActiveCfg = Release|Any CPU
		{733353B6-B72D-45C7-BAF1-99F33E6163E8}.Release|ARM.Build.0 = Release|Any CPU
		{733353B6-B72D-45C7-BAF1-99F33E6163E8}.Release|ARM.Deploy.0 = Release|Any CPU
		{733353B6-B72D-45C7-BAF1-99F33E6163E8}.Release|iPhone.ActiveCfg = Release|Any CPU
		{733353B6-B72D-45C7-BAF1-99F33E6163E8}.Release|iPhone.Build.0 = Release|Any CPU
		{733353B6-B72D-45C7-BAF1-99F33E6163E8}.Release|iPhone.Deploy.0 = Release|Any CPU
		{733353B6-B72D-45C7-BAF1-99F33E6163E8}.Release|iPhoneSimulator.ActiveCfg = Release|Any CPU
		{733353B6-B72D-45C7-BAF1-99F33E6163E8}.Release|iPhoneSimulator.Build.0 = Release|Any CPU
		{733353B6-B72D-45C7-BAF1-99F33E6163E8}.Release|iPhoneSimulator.Deploy.0 = Release|Any CPU
		{733353B6-B72D-45C7-BAF1-99F33E6163E8}.Release|x64.ActiveCfg = Release|Any CPU
		{733353B6-B72D-45C7-BAF1-99F33E6163E8}.Release|x64.Build.0 = Release|Any CPU
		{733353B6-B72D-45C7-BAF1-99F33E6163E8}.Release|x64.Deploy.0 = Release|Any CPU
		{733353B6-B72D-45C7-BAF1-99F33E6163E8}.Release|x86.ActiveCfg = Release|Any CPU
		{733353B6-B72D-45C7-BAF1-99F33E6163E8}.Release|x86.Build.0 = Release|Any CPU
		{733353B6-B72D-45C7-BAF1-99F33E6163E8}.Release|x86.Deploy.0 = Release|Any CPU
	EndGlobalSection
	GlobalSection(SolutionProperties) = preSolution
		HideSolutionNode = FALSE
	EndGlobalSection
	GlobalSection(ExtensibilityGlobals) = postSolution
		SolutionGuid = {3E776381-60A6-4C25-B45C-FEDC9D1EFC9C}
	EndGlobalSection
EndGlobal
